<?xml version="1.0" encoding="utf-8"?>
<Project ToolsVersion="4.0" xmlns="http://schemas.microsoft.com/developer/msbuild/2003">
  <ItemGroup>
    <Filter Include="Source Files">
      <UniqueIdentifier>{4FC737F1-C7A5-4376-A066-2A32D752A2FF}</UniqueIdentifier>
      <Extensions>cpp;cxx;c;def</Extensions>
    </Filter>
    <Filter Include="Form Files">
      <UniqueIdentifier>{99349809-55BA-4b9d-BF79-8FDBB0286EB3}</UniqueIdentifier>
      <Extensions>ui</Extensions>
    </Filter>
    <Filter Include="Generated Files">
      <UniqueIdentifier>{71ED8ED8-ACB9-4CE9-BBE1-E00B30144E11}</UniqueIdentifier>
      <Extensions>moc;h;cpp</Extensions>
      <SourceControlFiles>False</SourceControlFiles>
    </Filter>
    <Filter Include="Generated Files\Debug">
      <UniqueIdentifier>{3563306a-aa5e-4e8e-84c4-09a805c4f377}</UniqueIdentifier>
      <Extensions>cpp;moc</Extensions>
      <SourceControlFiles>False</SourceControlFiles>
    </Filter>
    <Filter Include="Generated Files\Release">
      <UniqueIdentifier>{9c90e830-d10b-4950-a0b1-81f5963b60da}</UniqueIdentifier>
      <Extensions>cpp;moc</Extensions>
      <SourceControlFiles>False</SourceControlFiles>
    </Filter>
    <Filter Include="Source Files\View">
      <UniqueIdentifier>{26cc5fa7-3572-4186-bc32-afd9d1beeac6}</UniqueIdentifier>
    </Filter>
    <Filter Include="Resource Files">
      <UniqueIdentifier>{D9D6E242-F8AF-46E4-B9FD-80ECBC20BA3E}</UniqueIdentifier>
      <Extensions>qrc;*</Extensions>
      <ParseFiles>false</ParseFiles>
    </Filter>
    <Filter Include="Source Files\Manager">
      <UniqueIdentifier>{6f1e1cc0-b45d-4917-b774-0f2b20d7d447}</UniqueIdentifier>
    </Filter>
    <Filter Include="Source Files\Controller">
      <UniqueIdentifier>{de2c5dfd-1b9c-47bb-9604-dee0a44e799d}</UniqueIdentifier>
    </Filter>
    <Filter Include="Source Files\Expert">
      <UniqueIdentifier>{0e011a0a-d2c9-41e2-b899-b7b38ca3e1b2}</UniqueIdentifier>
    </Filter>
    <Filter Include="Source Files\Unit">
      <UniqueIdentifier>{ca0b9f2c-424a-4fbd-b8fc-7ec8278e8c8e}</UniqueIdentifier>
    </Filter>
    <Filter Include="Source Files\Utils">
      <UniqueIdentifier>{5a079dea-70f3-4184-aef6-fe164e38415f}</UniqueIdentifier>
    </Filter>
  </ItemGroup>
  <ItemGroup>
    <ClCompile Include="main.cpp">
      <Filter>Source Files</Filter>
    </ClCompile>
    <ClCompile Include="View\cmain_win.cpp">
      <Filter>Source Files\View</Filter>
    </ClCompile>
    <ClCompile Include="GeneratedFiles\Debug\moc_cscene_frm.cpp">
      <Filter>Generated Files\Debug</Filter>
    </ClCompile>
    <ClCompile Include="GeneratedFiles\Release\moc_cscene_frm.cpp">
      <Filter>Generated Files\Release</Filter>
    </ClCompile>
    <ClCompile Include="View\cscene_frm.cpp">
      <Filter>Source Files\View</Filter>
    </ClCompile>
    <ClCompile Include="GeneratedFiles\Debug\moc_cproperty_frm.cpp">
      <Filter>Generated Files\Debug</Filter>
    </ClCompile>
    <ClCompile Include="GeneratedFiles\Release\moc_cproperty_frm.cpp">
      <Filter>Generated Files\Release</Filter>
    </ClCompile>
    <ClCompile Include="View\cproperty_frm.cpp">
      <Filter>Source Files\View</Filter>
    </ClCompile>
    <ClCompile Include="GeneratedFiles\Debug\moc_cmain_win.cpp">
      <Filter>Generated Files\Debug</Filter>
    </ClCompile>
    <ClCompile Include="GeneratedFiles\qrc_ui_res.cpp">
      <Filter>Generated Files</Filter>
    </ClCompile>
    <ClCompile Include="GeneratedFiles\Debug\moc_cview_style.cpp">
      <Filter>Generated Files\Debug</Filter>
    </ClCompile>
    <ClCompile Include="GeneratedFiles\Release\moc_cview_style.cpp">
      <Filter>Generated Files\Release</Filter>
    </ClCompile>
    <ClCompile Include="View\cview_style.cpp">
      <Filter>Source Files\View</Filter>
    </ClCompile>
    <ClCompile Include="GeneratedFiles\Release\moc_cmain_win.cpp">
      <Filter>Generated Files\Release</Filter>
    </ClCompile>
    <ClCompile Include="GeneratedFiles\Debug\moc_cconsole_frm.cpp">
      <Filter>Generated Files\Debug</Filter>
    </ClCompile>
    <ClCompile Include="GeneratedFiles\Release\moc_cconsole_frm.cpp">
      <Filter>Generated Files\Release</Filter>
    </ClCompile>
    <ClCompile Include="View\cconsole_frm.cpp">
      <Filter>Source Files\View</Filter>
    </ClCompile>
    <ClCompile Include="GeneratedFiles\Debug\moc_casset_frm.cpp">
      <Filter>Generated Files\Debug</Filter>
    </ClCompile>
    <ClCompile Include="GeneratedFiles\Release\moc_casset_frm.cpp">
      <Filter>Generated Files\Release</Filter>
    </ClCompile>
    <ClCompile Include="View\casset_frm.cpp">
      <Filter>Source Files\View</Filter>
    </ClCompile>
    <ClCompile Include="GeneratedFiles\Debug\moc_cnew_project_dlg.cpp">
      <Filter>Generated Files\Debug</Filter>
    </ClCompile>
    <ClCompile Include="GeneratedFiles\Release\moc_cnew_project_dlg.cpp">
      <Filter>Generated Files\Release</Filter>
    </ClCompile>
    <ClCompile Include="View\cnew_project_dlg.cpp">
      <Filter>Source Files\View</Filter>
    </ClCompile>
    <ClCompile Include="Manager\cmanager.cpp">
      <Filter>Source Files\Manager</Filter>
    </ClCompile>
    <ClCompile Include="GeneratedFiles\Debug\moc_cmanager.cpp">
      <Filter>Generated Files\Debug</Filter>
    </ClCompile>
    <ClCompile Include="GeneratedFiles\Release\moc_cmanager.cpp">
      <Filter>Generated Files\Release</Filter>
    </ClCompile>
    <ClCompile Include="Manager\cproject_manager.cpp">
      <Filter>Source Files\Manager</Filter>
    </ClCompile>
    <ClCompile Include="GeneratedFiles\Debug\moc_cproject_manager.cpp">
      <Filter>Generated Files\Debug</Filter>
    </ClCompile>
    <ClCompile Include="GeneratedFiles\Release\moc_cproject_manager.cpp">
      <Filter>Generated Files\Release</Filter>
    </ClCompile>
    <ClCompile Include="Manager\casset_manager.cpp">
      <Filter>Source Files\Manager</Filter>
    </ClCompile>
    <ClCompile Include="GeneratedFiles\Debug\moc_casset_manager.cpp">
      <Filter>Generated Files\Debug</Filter>
    </ClCompile>
    <ClCompile Include="GeneratedFiles\Release\moc_casset_manager.cpp">
      <Filter>Generated Files\Release</Filter>
    </ClCompile>
    <ClCompile Include="Controller\cproject_controller.cpp">
      <Filter>Source Files\Controller</Filter>
    </ClCompile>
    <ClCompile Include="GeneratedFiles\Debug\moc_cproject_controller.cpp">
      <Filter>Generated Files\Debug</Filter>
    </ClCompile>
    <ClCompile Include="GeneratedFiles\Release\moc_cproject_controller.cpp">
      <Filter>Generated Files\Release</Filter>
    </ClCompile>
    <ClCompile Include="Expert\cfile_expert.cpp">
      <Filter>Source Files\Expert</Filter>
    </ClCompile>
    <ClCompile Include="Expert\cdatabase_expert.cpp">
      <Filter>Source Files\Expert</Filter>
    </ClCompile>
    <ClCompile Include="GeneratedFiles\Debug\moc_cdatabase_expert.cpp">
      <Filter>Generated Files\Debug</Filter>
    </ClCompile>
    <ClCompile Include="GeneratedFiles\Release\moc_cdatabase_expert.cpp">
      <Filter>Generated Files\Release</Filter>
    </ClCompile>
    <ClCompile Include="GeneratedFiles\Debug\moc_cdb_operator.cpp">
      <Filter>Generated Files\Debug</Filter>
    </ClCompile>
    <ClCompile Include="GeneratedFiles\Release\moc_cdb_operator.cpp">
      <Filter>Generated Files\Release</Filter>
    </ClCompile>
    <ClCompile Include="Unit\cdb_operator.cpp">
      <Filter>Source Files\Unit</Filter>
    </ClCompile>
    <ClCompile Include="Expert\casset_viewer.cpp">
      <Filter>Source Files\Expert</Filter>
    </ClCompile>
    <ClCompile Include="GeneratedFiles\Debug\moc_casset_viewer.cpp">
      <Filter>Generated Files\Debug</Filter>
    </ClCompile>
    <ClCompile Include="GeneratedFiles\Release\moc_casset_viewer.cpp">
      <Filter>Generated Files\Release</Filter>
    </ClCompile>
    <ClCompile Include="GeneratedFiles\Debug\moc_cscene_manager.cpp">
      <Filter>Generated Files\Debug</Filter>
    </ClCompile>
    <ClCompile Include="GeneratedFiles\Release\moc_cscene_manager.cpp">
      <Filter>Generated Files\Release</Filter>
    </ClCompile>
    <ClCompile Include="Manager\cscene_manager.cpp">
      <Filter>Source Files\Manager</Filter>
    </ClCompile>
    <ClCompile Include="GeneratedFiles\Debug\moc_cdetec_result_frm.cpp">
      <Filter>Generated Files\Debug</Filter>
    </ClCompile>
    <ClCompile Include="GeneratedFiles\Release\moc_cdetec_result_frm.cpp">
      <Filter>Generated Files\Release</Filter>
    </ClCompile>
    <ClCompile Include="View\cdetec_result_frm.cpp">
      <Filter>Source Files\View</Filter>
    </ClCompile>
    <ClCompile Include="Utils\JsonUtil.cpp">
      <Filter>Source Files\Utils</Filter>
    </ClCompile>
    <ClCompile Include="Utils\Untility.cpp">
      <Filter>Source Files\Utils</Filter>
    </ClCompile>
    <ClCompile Include="Manager\clog_manager.cpp">
      <Filter>Source Files\Manager</Filter>
    </ClCompile>
    <ClCompile Include="GeneratedFiles\Debug\moc_clog_manager.cpp">
      <Filter>Generated Files\Debug</Filter>
    </ClCompile>
    <ClCompile Include="GeneratedFiles\Release\moc_clog_manager.cpp">
      <Filter>Generated Files\Release</Filter>
    </ClCompile>
  </ItemGroup>
  <ItemGroup>
    <CustomBuild Include="View\cscene_frm.ui">
      <Filter>Form Files</Filter>
    </CustomBuild>
    <CustomBuild Include="View\cproperty_frm.ui">
      <Filter>Form Files</Filter>
    </CustomBuild>
    <CustomBuild Include="View\cmain_win.ui">
      <Filter>Form Files</Filter>
    </CustomBuild>
    <CustomBuild Include="View\ui_res.qrc">
      <Filter>Resource Files</Filter>
    </CustomBuild>
    <CustomBuild Include="View\cconsole_frm.ui">
      <Filter>Form Files</Filter>
    </CustomBuild>
    <CustomBuild Include="View\casset_frm.ui">
      <Filter>Form Files</Filter>
    </CustomBuild>
    <CustomBuild Include="View\cnew_file_dlg.ui">
      <Filter>Form Files</Filter>
    </CustomBuild>
    <CustomBuild Include="View\cnew_project_dlg.ui">
      <Filter>Form Files</Filter>
    </CustomBuild>
    <CustomBuild Include="View\cdetec_result_frm.ui">
      <Filter>Form Files</Filter>
    </CustomBuild>
    <CustomBuild Include="Controller\cproject_controller.h">
      <Filter>Source Files\Controller</Filter>
    </CustomBuild>
    <CustomBuild Include="Expert\casset_viewer.h">
      <Filter>Source Files\Expert</Filter>
    </CustomBuild>
    <CustomBuild Include="Expert\cdatabase_expert.h">
      <Filter>Source Files\Expert</Filter>
    </CustomBuild>
    <CustomBuild Include="Expert\cfile_expert.h">
      <Filter>Source Files\Expert</Filter>
    </CustomBuild>
    <CustomBuild Include="Manager\casset_manager.h">
      <Filter>Source Files\Manager</Filter>
    </CustomBuild>
    <CustomBuild Include="Manager\cmanager.h">
      <Filter>Source Files\Manager</Filter>
    </CustomBuild>
    <CustomBuild Include="Manager\cproject_manager.h">
      <Filter>Source Files\Manager</Filter>
    </CustomBuild>
    <CustomBuild Include="Manager\cscene_manager.h">
      <Filter>Source Files\Manager</Filter>
    </CustomBuild>
    <CustomBuild Include="Unit\cdb_operator.h">
      <Filter>Source Files\Unit</Filter>
    </CustomBuild>
    <CustomBuild Include="View\casset_frm.h">
      <Filter>Source Files\View</Filter>
    </CustomBuild>
    <CustomBuild Include="View\cconsole_frm.h">
      <Filter>Source Files\View</Filter>
    </CustomBuild>
    <CustomBuild Include="View\cdetec_result_frm.h">
      <Filter>Source Files\View</Filter>
    </CustomBuild>
    <CustomBuild Include="View\cmain_win.h">
      <Filter>Source Files\View</Filter>
    </CustomBuild>
    <CustomBuild Include="View\cnew_project_dlg.h">
      <Filter>Source Files\View</Filter>
    </CustomBuild>
    <CustomBuild Include="View\cproperty_frm.h">
      <Filter>Source Files\View</Filter>
    </CustomBuild>
    <CustomBuild Include="View\cscene_frm.h">
      <Filter>Source Files\View</Filter>
    </CustomBuild>
    <CustomBuild Include="View\cview_style.h">
      <Filter>Source Files\View</Filter>
    </CustomBuild>
    <CustomBuild Include="Manager\clog_manager.h">
      <Filter>Source Files\Manager</Filter>
    </CustomBuild>
  </ItemGroup>
  <ItemGroup>
    <ClInclude Include="GeneratedFiles\ui_cproperty_frm.h">
      <Filter>Generated Files</Filter>
    </ClInclude>
    <ClInclude Include="GeneratedFiles\ui_cmain_win.h">
      <Filter>Generated Files</Filter>
    </ClInclude>
    <ClInclude Include="GeneratedFiles\ui_cscene_frm.h">
      <Filter>Generated Files</Filter>
    </ClInclude>
    <ClInclude Include="GeneratedFiles\ui_cconsole_frm.h">
      <Filter>Generated Files</Filter>
    </ClInclude>
    <ClInclude Include="GeneratedFiles\ui_casset_frm.h">
      <Filter>Generated Files</Filter>
    </ClInclude>
    <ClInclude Include="GeneratedFiles\ui_cnew_file_dlg.h">
      <Filter>Generated Files</Filter>
    </ClInclude>
    <ClInclude Include="GeneratedFiles\ui_cnew_project_dlg.h">
      <Filter>Generated Files</Filter>
    </ClInclude>
    <ClInclude Include="GeneratedFiles\ui_cdetec_result_frm.h">
      <Filter>Generated Files</Filter>
    </ClInclude>
    <ClInclude Include="Unit\basic_data_structure.h">
      <Filter>Source Files\Unit</Filter>
    </ClInclude>
    <ClInclude Include="Unit\basic_table_structure.h">
      <Filter>Source Files\Unit</Filter>
    </ClInclude>
    <ClInclude Include="Utils\JsonUtil.h">
      <Filter>Source Files\Utils</Filter>
    </ClInclude>
    <ClInclude Include="Utils\Untility.h">
      <Filter>Source Files\Utils</Filter>
    </ClInclude>
  </ItemGroup>
</Project>